
Microsoft Visual Studio Solution File, Format Version 12.00
# Visual Studio Version 17
VisualStudioVersion = 17.5.002.0
MinimumVisualStudioVersion = 10.0.40219.1
Project("{9A19103F-16F7-4668-BE54-9A1E7A4F7556}") = "redis-example", "redis-example.csproj", "{AF66B562-64A4-465F-B81C-88662951141B}"
EndProject
Global
	GlobalSection(SolutionConfigurationPlatforms) = preSolution
		Debug|Any CPU = Debug|Any CPU
		Release|Any CPU = Release|Any CPU
	EndGlobalSection
	GlobalSection(ProjectConfigurationPlatforms) = postSolution
		{AF66B562-64A4-465F-B81C-88662951141B}.Debug|Any CPU.ActiveCfg = Debug|Any CPU
		{AF66B562-64A4-465F-B81C-88662951141B}.Debug|Any CPU.Build.0 = Debug|Any CPU
		{AF66B562-64A4-465F-B81C-88662951141B}.Release|Any CPU.ActiveCfg = Release|Any CPU
		{AF66B562-64A4-465F-B81C-88662951141B}.Release|Any CPU.Build.0 = Release|Any CPU
	EndGlobalSection
	GlobalSection(SolutionProperties) = preSolution
		HideSolutionNode = FALSE
	EndGlobalSection
	GlobalSection(ExtensibilityGlobals) = postSolution
		SolutionGuid = {91AE3A32-2EDB-4C77-8861-C5F243A35F8C}
	EndGlobalSection
EndGlobal
